dependencies:
- name: ollama
  repository: file://dependency_charts/ollama
  version: 0.1.0
- name: postgresql
  repository: file://dependency_charts/postgresql
  version: 0.1.0
digest: sha256:a2a7b921a6cd0f3fd672a0abcfc5b99e11dd3a814b2b3fa23535aff73c589225
generated: "2024-06-14T16:49:36.317736+08:00"
